{
  "name": "es-mayor-de-edad",
  "version": "1.0.0",
  "lockfileVersion": 3,
  "requires": true,
  "packages": {
    "": {
      "name": "es-mayor-de-edad",
      "version": "1.0.0",
      "license": "ISC",
      "dependencies": {
        "is-number": "^7.0.0",
        "number-is-float": "^2.0.0"
      }
    },
    "node_modules/is-number": {
      "version": "7.0.0",
      "resolved": "https://registry.npmjs.org/is-number/-/is-number-7.0.0.tgz",
      "integrity": "sha512-41Cifkg6e8TylSpdtTpeLVMqvSBEVzTttHvERD741+pnZ8ANv0004MRL43QKPDlK9cGvNp6NZWZUBlbGXYxxng==",
      "engines": {
        "node": ">=0.12.0"
      }
    },
    "node_modules/number-is-float": {
      "version": "2.0.0",
      "resolved": "https://registry.npmjs.org/number-is-float/-/number-is-float-2.0.0.tgz",
      "integrity": "sha512-stpaj+rwb8zrqhWJ3Ig4SgXZgsvTGSMiuTJqflcSyU5qZLMpnfSSkNDNaM3YRfMUvp3nu/G8JwkNizwyY/2vFQ==",
      "engines": {
        "node": ">=12"
      },
      "funding": {
        "url": "https://github.com/sponsors/sindresorhus"
      }
    }
  }
}
